{
  "version": 4,
  "terraform_version": "1.13.2",
  "serial": 32,
  "lineage": "60f6368a-8610-d1d5-be2e-11afd8628610",
  "outputs": {},
  "resources": [
    {
      "mode": "managed",
      "type": "tfe_oauth_client",
      "name": "test",
      "provider": "provider[\"registry.terraform.io/hashicorp/tfe\"]",
      "instances": [
        {
          "schema_version": 0,
          "attributes": {
            "agent_pool_id": null,
            "api_url": "https://api.github.com",
            "http_url": "https://github.com",
            "id": "oc-4ZN5EdG8jbSMdCbD",
            "key": null,
            "name": null,
            "oauth_token": "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",
            "oauth_token_id": "ot-nDm5jh8T7bqVeVUo",
            "organization": "StefanStoyanovOrg",
            "organization_scoped": true,
            "private_key": null,
            "rsa_public_key": null,
            "secret": null,
            "service_provider": "github"
          },
          "sensitive_attributes": [
            [
              {
                "type": "get_attr",
                "value": "key"
              }
            ],
            [
              {
                "type": "get_attr",
                "value": "oauth_token"
              }
            ],
            [
              {
                "type": "get_attr",
                "value": "private_key"
              }
            ],
            [
              {
                "type": "get_attr",
                "value": "secret"
              }
            ]
          ],
          "identity_schema_version": 0,
          "private": "bnVsbA==",
          "dependencies": [
            "tfe_organization.test-organization"
          ]
        }
      ]
    },
    {
      "mode": "managed",
      "type": "tfe_organization",
      "name": "test-organization",
      "provider": "provider[\"registry.terraform.io/hashicorp/tfe\"]",
      "instances": [
        {
          "schema_version": 0,
          "attributes": {
            "aggregated_commit_status_enabled": true,
            "allow_force_delete_workspaces": false,
            "assessments_enforced": false,
            "collaborator_auth_policy": "password",
            "cost_estimation_enabled": false,
            "default_project_id": "prj-sqeJciyFqtced9Ny",
            "email": "stefanvstoyanov@gmail.com",
            "id": "StefanStoyanovOrg",
            "name": "StefanStoyanovOrg",
            "owners_team_saml_role_id": "",
            "send_passing_statuses_for_untriggered_speculative_plans": false,
            "session_remember_minutes": 0,
            "session_timeout_minutes": 0,
            "speculative_plan_management_enabled": true
          },
          "sensitive_attributes": [],
          "identity_schema_version": 0,
          "private": "bnVsbA=="
        }
      ]
    },
    {
      "mode": "managed",
      "type": "tfe_project",
      "name": "HashiCorpInterviewProject",
      "provider": "provider[\"registry.terraform.io/hashicorp/tfe\"]",
      "instances": [
        {
          "schema_version": 0,
          "attributes": {
            "auto_destroy_activity_duration": null,
            "description": "",
            "id": "prj-ioDumoAtpF1WVgSR",
            "ignore_additional_tags": null,
            "name": "Project1",
            "organization": "StefanStoyanovOrg",
            "tags": {}
          },
          "sensitive_attributes": [],
          "identity_schema_version": 0,
          "dependencies": [
            "tfe_organization.test-organization"
          ]
        }
      ]
    },
    {
      "mode": "managed",
      "type": "tfe_variable",
      "name": "test-a",
      "provider": "provider[\"registry.terraform.io/hashicorp/tfe\"]",
      "instances": [
        {
          "schema_version": 1,
          "attributes": {
            "category": "terraform",
            "description": "a useful description",
            "hcl": false,
            "id": "var-i4XG1RJmDuci8kyJ",
            "key": "seperate_variable",
            "readable_value": "my_value_name",
            "sensitive": false,
            "value": "my_value_name",
            "value_wo": null,
            "variable_set_id": "varset-rtYcFhcuy6MfesqC",
            "workspace_id": null
          },
          "sensitive_attributes": [
            [
              {
                "type": "get_attr",
                "value": "value"
              }
            ],
            [
              {
                "type": "get_attr",
                "value": "value_wo"
              }
            ]
          ],
          "identity_schema_version": 0,
          "dependencies": [
            "tfe_organization.test-organization",
            "tfe_variable_set.varset1"
          ]
        }
      ]
    },
    {
      "mode": "managed",
      "type": "tfe_variable",
      "name": "test-b",
      "provider": "provider[\"registry.terraform.io/hashicorp/tfe\"]",
      "instances": [
        {
          "schema_version": 1,
          "attributes": {
            "category": "env",
            "description": "an environment variable",
            "hcl": false,
            "id": "var-AXwZBrJXUC4UHLHh",
            "key": "another_variable",
            "readable_value": "my_value_name",
            "sensitive": false,
            "value": "my_value_name",
            "value_wo": null,
            "variable_set_id": "varset-rtYcFhcuy6MfesqC",
            "workspace_id": null
          },
          "sensitive_attributes": [
            [
              {
                "type": "get_attr",
                "value": "value"
              }
            ],
            [
              {
                "type": "get_attr",
                "value": "value_wo"
              }
            ]
          ],
          "identity_schema_version": 0,
          "dependencies": [
            "tfe_organization.test-organization",
            "tfe_variable_set.varset1"
          ]
        }
      ]
    },
    {
      "mode": "managed",
      "type": "tfe_variable_set",
      "name": "varset1",
      "provider": "provider[\"registry.terraform.io/hashicorp/tfe\"]",
      "instances": [
        {
          "schema_version": 0,
          "attributes": {
            "description": "Some description.",
            "global": false,
            "id": "varset-rtYcFhcuy6MfesqC",
            "name": "Test Varset",
            "organization": "StefanStoyanovOrg",
            "parent_project_id": null,
            "priority": false,
            "workspace_ids": [
              "ws-Nd2ChPpQCR4vgC3Q"
            ]
          },
          "sensitive_attributes": [],
          "identity_schema_version": 0,
          "private": "bnVsbA==",
          "dependencies": [
            "tfe_organization.test-organization"
          ]
        }
      ]
    },
    {
      "mode": "managed",
      "type": "tfe_workspace",
      "name": "CLI1",
      "provider": "provider[\"registry.terraform.io/hashicorp/tfe\"]",
      "instances": [
        {
          "schema_version": 1,
          "attributes": {
            "agent_pool_id": "",
            "allow_destroy_plan": true,
            "assessments_enabled": false,
            "auto_apply": false,
            "auto_apply_run_trigger": false,
            "auto_destroy_activity_duration": "",
            "auto_destroy_at": "",
            "description": "",
            "effective_tags": {},
            "execution_mode": "remote",
            "file_triggers_enabled": true,
            "force_delete": false,
            "global_remote_state": false,
            "html_url": "https://app.terraform.io/app/StefanStoyanovOrg/workspaces/my_CLI-workspace1",
            "id": "ws-VE1dUSjECm1frXgc",
            "ignore_additional_tag_names": null,
            "ignore_additional_tags": null,
            "inherits_project_auto_destroy": true,
            "name": "my_CLI-workspace1",
            "operations": true,
            "organization": "StefanStoyanovOrg",
            "project_id": "prj-ioDumoAtpF1WVgSR",
            "queue_all_runs": true,
            "remote_state_consumer_ids": [],
            "resource_count": 0,
            "source_name": "",
            "source_url": "",
            "speculative_enabled": true,
            "ssh_key_id": "",
            "structured_run_output_enabled": true,
            "tag_names": [],
            "tags": {},
            "terraform_version": "1.13.3",
            "trigger_patterns": [],
            "trigger_prefixes": [],
            "vcs_repo": [],
            "working_directory": ""
          },
          "sensitive_attributes": [],
          "identity_schema_version": 0,
          "private": "eyJzY2hlbWFfdmVyc2lvbiI6IjEifQ==",
          "dependencies": [
            "tfe_organization.test-organization",
            "tfe_project.HashiCorpInterviewProject"
          ]
        }
      ]
    },
    {
      "mode": "managed",
      "type": "tfe_workspace",
      "name": "CLI2",
      "provider": "provider[\"registry.terraform.io/hashicorp/tfe\"]",
      "instances": [
        {
          "schema_version": 1,
          "attributes": {
            "agent_pool_id": "",
            "allow_destroy_plan": true,
            "assessments_enabled": false,
            "auto_apply": false,
            "auto_apply_run_trigger": false,
            "auto_destroy_activity_duration": "",
            "auto_destroy_at": "",
            "description": "",
            "effective_tags": {},
            "execution_mode": "remote",
            "file_triggers_enabled": true,
            "force_delete": false,
            "global_remote_state": false,
            "html_url": "https://app.terraform.io/app/StefanStoyanovOrg/workspaces/my_CLI-workspace2",
            "id": "ws-qihRvjXtMk13Rfp2",
            "ignore_additional_tag_names": null,
            "ignore_additional_tags": null,
            "inherits_project_auto_destroy": true,
            "name": "my_CLI-workspace2",
            "operations": true,
            "organization": "StefanStoyanovOrg",
            "project_id": "prj-ioDumoAtpF1WVgSR",
            "queue_all_runs": true,
            "remote_state_consumer_ids": [],
            "resource_count": 0,
            "source_name": "",
            "source_url": "",
            "speculative_enabled": true,
            "ssh_key_id": "",
            "structured_run_output_enabled": true,
            "tag_names": [],
            "tags": {},
            "terraform_version": "1.13.3",
            "trigger_patterns": [],
            "trigger_prefixes": [],
            "vcs_repo": [],
            "working_directory": ""
          },
          "sensitive_attributes": [],
          "identity_schema_version": 0,
          "private": "eyJzY2hlbWFfdmVyc2lvbiI6IjEifQ==",
          "dependencies": [
            "tfe_organization.test-organization",
            "tfe_project.HashiCorpInterviewProject"
          ]
        }
      ]
    },
    {
      "mode": "managed",
      "type": "tfe_workspace",
      "name": "CLI3",
      "provider": "provider[\"registry.terraform.io/hashicorp/tfe\"]",
      "instances": [
        {
          "schema_version": 1,
          "attributes": {
            "agent_pool_id": "",
            "allow_destroy_plan": true,
            "assessments_enabled": false,
            "auto_apply": false,
            "auto_apply_run_trigger": false,
            "auto_destroy_activity_duration": "",
            "auto_destroy_at": "",
            "description": "",
            "effective_tags": {},
            "execution_mode": "remote",
            "file_triggers_enabled": true,
            "force_delete": false,
            "global_remote_state": false,
            "html_url": "https://app.terraform.io/app/StefanStoyanovOrg/workspaces/my_CLI-workspace3",
            "id": "ws-mfA598B2ThoEoE7r",
            "ignore_additional_tag_names": null,
            "ignore_additional_tags": null,
            "inherits_project_auto_destroy": true,
            "name": "my_CLI-workspace3",
            "operations": true,
            "organization": "StefanStoyanovOrg",
            "project_id": "prj-ioDumoAtpF1WVgSR",
            "queue_all_runs": true,
            "remote_state_consumer_ids": [],
            "resource_count": 0,
            "source_name": "",
            "source_url": "",
            "speculative_enabled": true,
            "ssh_key_id": "",
            "structured_run_output_enabled": true,
            "tag_names": [],
            "tags": {},
            "terraform_version": "1.13.3",
            "trigger_patterns": [],
            "trigger_prefixes": [],
            "vcs_repo": [],
            "working_directory": ""
          },
          "sensitive_attributes": [],
          "identity_schema_version": 0,
          "private": "eyJzY2hlbWFfdmVyc2lvbiI6IjEifQ==",
          "dependencies": [
            "tfe_organization.test-organization",
            "tfe_project.HashiCorpInterviewProject"
          ]
        }
      ]
    },
    {
      "mode": "managed",
      "type": "tfe_workspace",
      "name": "parent",
      "provider": "provider[\"registry.terraform.io/hashicorp/tfe\"]",
      "instances": [
        {
          "schema_version": 1,
          "attributes": {
            "agent_pool_id": "",
            "allow_destroy_plan": true,
            "assessments_enabled": false,
            "auto_apply": false,
            "auto_apply_run_trigger": false,
            "auto_destroy_activity_duration": "",
            "auto_destroy_at": "",
            "description": "",
            "effective_tags": {},
            "execution_mode": "remote",
            "file_triggers_enabled": true,
            "force_delete": false,
            "global_remote_state": false,
            "html_url": "https://app.terraform.io/app/StefanStoyanovOrg/workspaces/parent-ws",
            "id": "ws-Nd2ChPpQCR4vgC3Q",
            "ignore_additional_tag_names": null,
            "ignore_additional_tags": null,
            "inherits_project_auto_destroy": true,
            "name": "parent-ws",
            "operations": true,
            "organization": "StefanStoyanovOrg",
            "project_id": "prj-ioDumoAtpF1WVgSR",
            "queue_all_runs": false,
            "remote_state_consumer_ids": [],
            "resource_count": 0,
            "source_name": "",
            "source_url": "",
            "speculative_enabled": true,
            "ssh_key_id": "",
            "structured_run_output_enabled": true,
            "tag_names": [],
            "tags": {},
            "terraform_version": "1.13.3",
            "trigger_patterns": [],
            "trigger_prefixes": [],
            "vcs_repo": [
              {
                "branch": "main",
                "github_app_installation_id": "",
                "identifier": "amensa/TerraformRepo",
                "ingress_submodules": false,
                "oauth_token_id": "ot-nDm5jh8T7bqVeVUo",
                "tags_regex": ""
              }
            ],
            "working_directory": ""
          },
          "sensitive_attributes": [],
          "identity_schema_version": 0,
          "private": "eyJzY2hlbWFfdmVyc2lvbiI6IjEifQ==",
          "dependencies": [
            "tfe_oauth_client.test",
            "tfe_organization.test-organization",
            "tfe_project.HashiCorpInterviewProject"
          ]
        }
      ]
    },
    {
      "mode": "managed",
      "type": "tfe_workspace_variable_set",
      "name": "CLI1-workspace",
      "provider": "provider[\"registry.terraform.io/hashicorp/tfe\"]",
      "instances": [
        {
          "schema_version": 0,
          "attributes": {
            "id": "ws-VE1dUSjECm1frXgc_varset-rtYcFhcuy6MfesqC",
            "variable_set_id": "varset-rtYcFhcuy6MfesqC",
            "workspace_id": "ws-VE1dUSjECm1frXgc"
          },
          "sensitive_attributes": [],
          "identity_schema_version": 0,
          "private": "bnVsbA==",
          "dependencies": [
            "tfe_organization.test-organization",
            "tfe_project.HashiCorpInterviewProject",
            "tfe_variable_set.varset1",
            "tfe_workspace.CLI1"
          ]
        }
      ]
    },
    {
      "mode": "managed",
      "type": "tfe_workspace_variable_set",
      "name": "CLI2-workspace",
      "provider": "provider[\"registry.terraform.io/hashicorp/tfe\"]",
      "instances": [
        {
          "schema_version": 0,
          "attributes": {
            "id": "ws-qihRvjXtMk13Rfp2_varset-rtYcFhcuy6MfesqC",
            "variable_set_id": "varset-rtYcFhcuy6MfesqC",
            "workspace_id": "ws-qihRvjXtMk13Rfp2"
          },
          "sensitive_attributes": [],
          "identity_schema_version": 0,
          "private": "bnVsbA==",
          "dependencies": [
            "tfe_organization.test-organization",
            "tfe_project.HashiCorpInterviewProject",
            "tfe_variable_set.varset1",
            "tfe_workspace.CLI2"
          ]
        }
      ]
    },
    {
      "mode": "managed",
      "type": "tfe_workspace_variable_set",
      "name": "CLI3-workspace",
      "provider": "provider[\"registry.terraform.io/hashicorp/tfe\"]",
      "instances": [
        {
          "schema_version": 0,
          "attributes": {
            "id": "ws-mfA598B2ThoEoE7r_varset-rtYcFhcuy6MfesqC",
            "variable_set_id": "varset-rtYcFhcuy6MfesqC",
            "workspace_id": "ws-mfA598B2ThoEoE7r"
          },
          "sensitive_attributes": [],
          "identity_schema_version": 0,
          "private": "bnVsbA==",
          "dependencies": [
            "tfe_organization.test-organization",
            "tfe_project.HashiCorpInterviewProject",
            "tfe_variable_set.varset1",
            "tfe_workspace.CLI3"
          ]
        }
      ]
    },
    {
      "mode": "managed",
      "type": "tfe_workspace_variable_set",
      "name": "VSC-workspace",
      "provider": "provider[\"registry.terraform.io/hashicorp/tfe\"]",
      "instances": [
        {
          "schema_version": 0,
          "attributes": {
            "id": "ws-Nd2ChPpQCR4vgC3Q_varset-rtYcFhcuy6MfesqC",
            "variable_set_id": "varset-rtYcFhcuy6MfesqC",
            "workspace_id": "ws-Nd2ChPpQCR4vgC3Q"
          },
          "sensitive_attributes": [],
          "identity_schema_version": 0,
          "private": "bnVsbA==",
          "dependencies": [
            "tfe_oauth_client.test",
            "tfe_organization.test-organization",
            "tfe_project.HashiCorpInterviewProject",
            "tfe_variable_set.varset1",
            "tfe_workspace.parent"
          ]
        }
      ]
    }
  ],
  "check_results": null
}
